
Microsoft Visual Studio Solution File, Format Version 12.00
# Visual Studio Version 16
VisualStudioVersion = 16.0.29613.14
MinimumVisualStudioVersion = 10.0.40219.1
Project("{8BC9CEB8-8B4A-11D0-8D11-00A0C91BC942}") = "lab1", "lab1\lab1.vcxproj", "{A53C3306-2F98-4880-BACA-6C914FD7CAF2}"
EndProject
Project("{8BC9CEB8-8B4A-11D0-8D11-00A0C91BC942}") = "lab2", "lab2\lab2.vcxproj", "{AB054C8E-4AEC-419F-88A3-842D0D5DB7D5}"
EndProject
Project("{8BC9CEB8-8B4A-11D0-8D11-00A0C91BC942}") = "lab3", "lab3\lab3.vcxproj", "{A5308091-3543-439B-9A62-0C8F7AF27C2B}"
EndProject
Global
	GlobalSection(SolutionConfigurationPlatforms) = preSolution
		Debug|x64 = Debug|x64
		Debug|x86 = Debug|x86
		Release|x64 = Release|x64
		Release|x86 = Release|x86
	EndGlobalSection
	GlobalSection(ProjectConfigurationPlatforms) = postSolution
		{A53C3306-2F98-4880-BACA-6C914FD7CAF2}.Debug|x64.ActiveCfg = Debug|x64
		{A53C3306-2F98-4880-BACA-6C914FD7CAF2}.Debug|x64.Build.0 = Debug|x64
		{A53C3306-2F98-4880-BACA-6C914FD7CAF2}.Debug|x86.ActiveCfg = Debug|Win32
		{A53C3306-2F98-4880-BACA-6C914FD7CAF2}.Debug|x86.Build.0 = Debug|Win32
		{A53C3306-2F98-4880-BACA-6C914FD7CAF2}.Release|x64.ActiveCfg = Release|x64
		{A53C3306-2F98-4880-BACA-6C914FD7CAF2}.Release|x64.Build.0 = Release|x64
		{A53C3306-2F98-4880-BACA-6C914FD7CAF2}.Release|x86.ActiveCfg = Release|Win32
		{A53C3306-2F98-4880-BACA-6C914FD7CAF2}.Release|x86.Build.0 = Release|Win32
		{AB054C8E-4AEC-419F-88A3-842D0D5DB7D5}.Debug|x64.ActiveCfg = Debug|x64
		{AB054C8E-4AEC-419F-88A3-842D0D5DB7D5}.Debug|x64.Build.0 = Debug|x64
		{AB054C8E-4AEC-419F-88A3-842D0D5DB7D5}.Debug|x86.ActiveCfg = Debug|Win32
		{AB054C8E-4AEC-419F-88A3-842D0D5DB7D5}.Debug|x86.Build.0 = Debug|Win32
		{AB054C8E-4AEC-419F-88A3-842D0D5DB7D5}.Release|x64.ActiveCfg = Release|x64
		{AB054C8E-4AEC-419F-88A3-842D0D5DB7D5}.Release|x64.Build.0 = Release|x64
		{AB054C8E-4AEC-419F-88A3-842D0D5DB7D5}.Release|x86.ActiveCfg = Release|Win32
		{AB054C8E-4AEC-419F-88A3-842D0D5DB7D5}.Release|x86.Build.0 = Release|Win32
		{A5308091-3543-439B-9A62-0C8F7AF27C2B}.Debug|x64.ActiveCfg = Debug|x64
		{A5308091-3543-439B-9A62-0C8F7AF27C2B}.Debug|x64.Build.0 = Debug|x64
		{A5308091-3543-439B-9A62-0C8F7AF27C2B}.Debug|x86.ActiveCfg = Debug|Win32
		{A5308091-3543-439B-9A62-0C8F7AF27C2B}.Debug|x86.Build.0 = Debug|Win32
		{A5308091-3543-439B-9A62-0C8F7AF27C2B}.Release|x64.ActiveCfg = Release|x64
		{A5308091-3543-439B-9A62-0C8F7AF27C2B}.Release|x64.Build.0 = Release|x64
		{A5308091-3543-439B-9A62-0C8F7AF27C2B}.Release|x86.ActiveCfg = Release|Win32
		{A5308091-3543-439B-9A62-0C8F7AF27C2B}.Release|x86.Build.0 = Release|Win32
	EndGlobalSection
	GlobalSection(SolutionProperties) = preSolution
		HideSolutionNode = FALSE
	EndGlobalSection
	GlobalSection(ExtensibilityGlobals) = postSolution
		SolutionGuid = {54891AEF-CA3F-4200-BA84-A4E52BFBB809}
	EndGlobalSection
EndGlobal
